
Microsoft Visual Studio Solution File, Format Version 12.00
# Visual Studio Version 16
VisualStudioVersion = 16.0.31624.102
MinimumVisualStudioVersion = 10.0.40219.1
Project("{9A19103F-16F7-4668-BE54-9A1E7A4F7556}") = "EF.MigrationHelper", "EF.MigrationHelper.csproj", "{AE8F0995-707A-443A-A193-AA4F1D0668B6}"
EndProject
Global
	GlobalSection(SolutionConfigurationPlatforms) = preSolution
		Debug|Any CPU = Debug|Any CPU
		Release|Any CPU = Release|Any CPU
	EndGlobalSection
	GlobalSection(ProjectConfigurationPlatforms) = postSolution
		{AE8F0995-707A-443A-A193-AA4F1D0668B6}.Debug|Any CPU.ActiveCfg = Debug|Any CPU
		{AE8F0995-707A-443A-A193-AA4F1D0668B6}.Debug|Any CPU.Build.0 = Debug|Any CPU
		{AE8F0995-707A-443A-A193-AA4F1D0668B6}.Release|Any CPU.ActiveCfg = Release|Any CPU
		{AE8F0995-707A-443A-A193-AA4F1D0668B6}.Release|Any CPU.Build.0 = Release|Any CPU
	EndGlobalSection
	GlobalSection(SolutionProperties) = preSolution
		HideSolutionNode = FALSE
	EndGlobalSection
	GlobalSection(ExtensibilityGlobals) = postSolution
		SolutionGuid = {F84ED4A3-C3F2-45E3-B84F-99127C697A8B}
	EndGlobalSection
EndGlobal
